
Microsoft Visual Studio Solution File, Format Version 12.00
# Visual Studio Version 17
VisualStudioVersion = 17.14.36109.1 d17.14
MinimumVisualStudioVersion = 10.0.40219.1
Project("{FAE04EC0-301F-11D3-BF4B-00C04F79EFBC}") = "WebApiSample", "WebApiSample\WebApiSample.csproj", "{153E2AC8-95CE-4FCF-A473-1E1946BEAF48}"
EndProject
Global
	GlobalSection(SolutionConfigurationPlatforms) = preSolution
		Debug|Any CPU = Debug|Any CPU
		Release|Any CPU = Release|Any CPU
	EndGlobalSection
	GlobalSection(ProjectConfigurationPlatforms) = postSolution
		{153E2AC8-95CE-4FCF-A473-1E1946BEAF48}.Debug|Any CPU.ActiveCfg = Debug|Any CPU
		{153E2AC8-95CE-4FCF-A473-1E1946BEAF48}.Debug|Any CPU.Build.0 = Debug|Any CPU
		{153E2AC8-95CE-4FCF-A473-1E1946BEAF48}.Release|Any CPU.ActiveCfg = Release|Any CPU
		{153E2AC8-95CE-4FCF-A473-1E1946BEAF48}.Release|Any CPU.Build.0 = Release|Any CPU
	EndGlobalSection
	GlobalSection(SolutionProperties) = preSolution
		HideSolutionNode = FALSE
	EndGlobalSection
	GlobalSection(ExtensibilityGlobals) = postSolution
		SolutionGuid = {0EC541A3-512E-4D27-A04B-6DA66CEF30A7}
	EndGlobalSection
EndGlobal
